// !$*UTF8*$!
{
	archiveVersion = 1;
	classes = {
	};
	objectVersion = 48;
	objects = {

/* Begin PBXBuildFile section */
		5B18F96A1FD4E19E0094D444 /* AppDelegate.swift in Sources */ = {isa = PBXBuildFile; fileRef = 5B18F9691FD4E19E0094D444 /* AppDelegate.swift */; };
		5B18F96C1FD4E19E0094D444 /* ViewController.swift in Sources */ = {isa = PBXBuildFile; fileRef = 5B18F96B1FD4E19E0094D444 /* ViewController.swift */; };
		5B18F96F1FD4E19E0094D444 /* Main.storyboard in Resources */ = {isa = PBXBuildFile; fileRef = 5B18F96D1FD4E19E0094D444 /* Main.storyboard */; };
		5B18F9721FD4E19E0094D444 /* PzTest.xcdatamodeld in Sources */ = {isa = PBXBuildFile; fileRef = 5B18F9701FD4E19E0094D444 /* PzTest.xcdatamodeld */; };
		5B18F9741FD4E19E0094D444 /* Assets.xcassets in Resources */ = {isa = PBXBuildFile; fileRef = 5B18F9731FD4E19E0094D444 /* Assets.xcassets */; };
		5B18F9771FD4E19E0094D444 /* LaunchScreen.storyboard in Resources */ = {isa = PBXBuildFile; fileRef = 5B18F9751FD4E19E0094D444 /* LaunchScreen.storyboard */; };
		5B18F9821FD4E19E0094D444 /* PzTestTests.swift in Sources */ = {isa = PBXBuildFile; fileRef = 5B18F9811FD4E19E0094D444 /* PzTestTests.swift */; };
		5B18F98D1FD4E19E0094D444 /* PzTestUITests.swift in Sources */ = {isa = PBXBuildFile; fileRef = 5B18F98C1FD4E19E0094D444 /* PzTestUITests.swift */; };
		90A1BE50E85F6F5AAFEB3166 /* Pods_PzTestTests.framework in Frameworks */ = {isa = PBXBuildFile; fileRef = F6C1F8DC20B2F51C33CE7BCD /* Pods_PzTestTests.framework */; };
		AF6E5E7B1CE6111B501FA53C /* Pods_PzTestUITests.framework in Frameworks */ = {isa = PBXBuildFile; fileRef = B79985DDABA38DA51CD049EE /* Pods_PzTestUITests.framework */; };
		E5AD0D57E8669E0F75916FA1 /* Pods_PzTest.framework in Frameworks */ = {isa = PBXBuildFile; fileRef = 6E3C7717FA0300A5DFBDB217 /* Pods_PzTest.framework */; };
/* End PBXBuildFile section */

/* Begin PBXContainerItemProxy section */
		5B18F97E1FD4E19E0094D444 /* PBXContainerItemProxy */ = {
			isa = PBXContainerItemProxy;
			containerPortal = 5B18F95E1FD4E19E0094D444 /* Project object */;
			proxyType = 1;
			remoteGlobalIDString = 5B18F9651FD4E19E0094D444;
			remoteInfo = PzTest;
		};
		5B18F9891FD4E19E0094D444 /* PBXContainerItemProxy */ = {
			isa = PBXContainerItemProxy;
			containerPortal = 5B18F95E1FD4E19E0094D444 /* Project object */;
			proxyType = 1;
			remoteGlobalIDString = 5B18F9651FD4E19E0094D444;
			remoteInfo = PzTest;
		};
/* End PBXContainerItemProxy section */

/* Begin PBXFileReference section */
		0C90B59203E9289C77CEA87D /* Pods-PzTest.release.xcconfig */ = {isa = PBXFileReference; includeInIndex = 1; lastKnownFileType = text.xcconfig; name = "Pods-PzTest.release.xcconfig"; path = "Pods/Target Support Files/Pods-PzTest/Pods-PzTest.release.xcconfig"; sourceTree = "<group>"; };
		38C0DBE13EC82193619D2ACA /* Pods-PzTestUITests.release.xcconfig */ = {isa = PBXFileReference; includeInIndex = 1; lastKnownFileType = text.xcconfig; name = "Pods-PzTestUITests.release.xcconfig"; path = "Pods/Target Support Files/Pods-PzTestUITests/Pods-PzTestUITests.release.xcconfig"; sourceTree = "<group>"; };
		5B18F9661FD4E19E0094D444 /* PzTest.app */ = {isa = PBXFileReference; explicitFileType = wrapper.application; includeInIndex = 0; path = PzTest.app; sourceTree = BUILT_PRODUCTS_DIR; };
		5B18F9691FD4E19E0094D444 /* AppDelegate.swift */ = {isa = PBXFileReference; lastKnownFileType = sourcecode.swift; path = AppDelegate.swift; sourceTree = "<group>"; };
		5B18F96B1FD4E19E0094D444 /* ViewController.swift */ = {isa = PBXFileReference; lastKnownFileType = sourcecode.swift; path = ViewController.swift; sourceTree = "<group>"; };
		5B18F96E1FD4E19E0094D444 /* Base */ = {isa = PBXFileReference; lastKnownFileType = file.storyboard; name = Base; path = Base.lproj/Main.storyboard; sourceTree = "<group>"; };
		5B18F9711FD4E19E0094D444 /* PzTest.xcdatamodel */ = {isa = PBXFileReference; lastKnownFileType = wrapper.xcdatamodel; path = PzTest.xcdatamodel; sourceTree = "<group>"; };
		5B18F9731FD4E19E0094D444 /* Assets.xcassets */ = {isa = PBXFileReference; lastKnownFileType = folder.assetcatalog; path = Assets.xcassets; sourceTree = "<group>"; };
		5B18F9761FD4E19E0094D444 /* Base */ = {isa = PBXFileReference; lastKnownFileType = file.storyboard; name = Base; path = Base.lproj/LaunchScreen.storyboard; sourceTree = "<group>"; };
		5B18F9781FD4E19E0094D444 /* Info.plist */ = {isa = PBXFileReference; lastKnownFileType = text.plist.xml; path = Info.plist; sourceTree = "<group>"; };
		5B18F97D1FD4E19E0094D444 /* PzTestTests.xctest */ = {isa = PBXFileReference; explicitFileType = wrapper.cfbundle; includeInIndex = 0; path = PzTestTests.xctest; sourceTree = BUILT_PRODUCTS_DIR; };
		5B18F9811FD4E19E0094D444 /* PzTestTests.swift */ = {isa = PBXFileReference; lastKnownFileType = sourcecode.swift; path = PzTestTests.swift; sourceTree = "<group>"; };
		5B18F9831FD4E19E0094D444 /* Info.plist */ = {isa = PBXFileReference; lastKnownFileType = text.plist.xml; path = Info.plist; sourceTree = "<group>"; };
		5B18F9881FD4E19E0094D444 /* PzTestUITests.xctest */ = {isa = PBXFileReference; explicitFileType = wrapper.cfbundle; includeInIndex = 0; path = PzTestUITests.xctest; sourceTree = BUILT_PRODUCTS_DIR; };
		5B18F98C1FD4E19E0094D444 /* PzTestUITests.swift */ = {isa = PBXFileReference; lastKnownFileType = sourcecode.swift; path = PzTestUITests.swift; sourceTree = "<group>"; };
		5B18F98E1FD4E19E0094D444 /* Info.plist */ = {isa = PBXFileReference; lastKnownFileType = text.plist.xml; path = Info.plist; sourceTree = "<group>"; };
		5B6543D259A00B7BC7CA5DCD /* Pods-PzTest.debug.xcconfig */ = {isa = PBXFileReference; includeInIndex = 1; lastKnownFileType = text.xcconfig; name = "Pods-PzTest.debug.xcconfig"; path = "Pods/Target Support Files/Pods-PzTest/Pods-PzTest.debug.xcconfig"; sourceTree = "<group>"; };
		6E3C7717FA0300A5DFBDB217 /* Pods_PzTest.framework */ = {isa = PBXFileReference; explicitFileType = wrapper.framework; includeInIndex = 0; path = Pods_PzTest.framework; sourceTree = BUILT_PRODUCTS_DIR; };
		B2E55639A383CF27BDB04687 /* Pods-PzTestTests.debug.xcconfig */ = {isa = PBXFileReference; includeInIndex = 1; lastKnownFileType = text.xcconfig; name = "Pods-PzTestTests.debug.xcconfig"; path = "Pods/Target Support Files/Pods-PzTestTests/Pods-PzTestTests.debug.xcconfig"; sourceTree = "<group>"; };
		B79985DDABA38DA51CD049EE /* Pods_PzTestUITests.framework */ = {isa = PBXFileReference; explicitFileType = wrapper.framework; includeInIndex = 0; path = Pods_PzTestUITests.framework; sourceTree = BUILT_PRODUCTS_DIR; };
		D9B15C0BBA1FB6B144540691 /* Pods-PzTestTests.release.xcconfig */ = {isa = PBXFileReference; includeInIndex = 1; lastKnownFileType = text.xcconfig; name = "Pods-PzTestTests.release.xcconfig"; path = "Pods/Target Support Files/Pods-PzTestTests/Pods-PzTestTests.release.xcconfig"; sourceTree = "<group>"; };
		DCEE97F434087957077562B8 /* Pods-PzTestUITests.debug.xcconfig */ = {isa = PBXFileReference; includeInIndex = 1; lastKnownFileType = text.xcconfig; name = "Pods-PzTestUITests.debug.xcconfig"; path = "Pods/Target Support Files/Pods-PzTestUITests/Pods-PzTestUITests.debug.xcconfig"; sourceTree = "<group>"; };
		F6C1F8DC20B2F51C33CE7BCD /* Pods_PzTestTests.framework */ = {isa = PBXFileReference; explicitFileType = wrapper.framework; includeInIndex = 0; path = Pods_PzTestTests.framework; sourceTree = BUILT_PRODUCTS_DIR; };
/* End PBXFileReference section */

/* Begin PBXFrameworksBuildPhase section */
		5B18F9631FD4E19E0094D444 /* Frameworks */ = {
			isa = PBXFrameworksBuildPhase;
			buildActionMask = 2147483647;
			files = (
				E5AD0D57E8669E0F75916FA1 /* Pods_PzTest.framework in Frameworks */,
			);
			runOnlyForDeploymentPostprocessing = 0;
		};
		5B18F97A1FD4E19E0094D444 /* Frameworks */ = {
			isa = PBXFrameworksBuildPhase;
			buildActionMask = 2147483647;
			files = (
				90A1BE50E85F6F5AAFEB3166 /* Pods_PzTestTests.framework in Frameworks */,
			);
			runOnlyForDeploymentPostprocessing = 0;
		};
		5B18F9851FD4E19E0094D444 /* Frameworks */ = {
			isa = PBXFrameworksBuildPhase;
			buildActionMask = 2147483647;
			files = (
				AF6E5E7B1CE6111B501FA53C /* Pods_PzTestUITests.framework in Frameworks */,
			);
			runOnlyForDeploymentPostprocessing = 0;
		};
/* End PBXFrameworksBuildPhase section */

/* Begin PBXGroup section */
		5B18F95D1FD4E19E0094D444 = {
			isa = PBXGroup;
			children = (
				5B18F9681FD4E19E0094D444 /* PzTest */,
				5B18F9801FD4E19E0094D444 /* PzTestTests */,
				5B18F98B1FD4E19E0094D444 /* PzTestUITests */,
				5B18F9671FD4E19E0094D444 /* Products */,
				90C1B5FE6AC1E764F25AEFDE /* Pods */,
				C0051004D603B6E11971196D /* Frameworks */,
			);
			sourceTree = "<group>";
		};
		5B18F9671FD4E19E0094D444 /* Products */ = {
			isa = PBXGroup;
			children = (
				5B18F9661FD4E19E0094D444 /* PzTest.app */,
				5B18F97D1FD4E19E0094D444 /* PzTestTests.xctest */,
				5B18F9881FD4E19E0094D444 /* PzTestUITests.xctest */,
			);
			name = Products;
			sourceTree = "<group>";
		};
		5B18F9681FD4E19E0094D444 /* PzTest */ = {
			isa = PBXGroup;
			children = (
				5B18F9691FD4E19E0094D444 /* AppDelegate.swift */,
				5B18F96B1FD4E19E0094D444 /* ViewController.swift */,
				5BE23C6D1FD7790B00D79214 /* Utils */,
				5BE23C6C1FD7790900D79214 /* List Videos */,
				5BE23C6B1FD7790700D79214 /* Play Video Audio */,
				5B18F96D1FD4E19E0094D444 /* Main.storyboard */,
				5B18F9731FD4E19E0094D444 /* Assets.xcassets */,
				5B18F9751FD4E19E0094D444 /* LaunchScreen.storyboard */,
				5B18F9781FD4E19E0094D444 /* Info.plist */,
				5B18F9701FD4E19E0094D444 /* PzTest.xcdatamodeld */,
			);
			path = PzTest;
			sourceTree = "<group>";
		};
		5B18F9801FD4E19E0094D444 /* PzTestTests */ = {
			isa = PBXGroup;
			children = (
				5B18F9811FD4E19E0094D444 /* PzTestTests.swift */,
				5B18F9831FD4E19E0094D444 /* Info.plist */,
			);
			path = PzTestTests;
			sourceTree = "<group>";
		};
		5B18F98B1FD4E19E0094D444 /* PzTestUITests */ = {
			isa = PBXGroup;
			children = (
				5B18F98C1FD4E19E0094D444 /* PzTestUITests.swift */,
				5B18F98E1FD4E19E0094D444 /* Info.plist */,
			);
			path = PzTestUITests;
			sourceTree = "<group>";
		};
		5BE23C6B1FD7790700D79214 /* Play Video Audio */ = {
			isa = PBXGroup;
			children = (
			);
			path = "Play Video Audio";
			sourceTree = "<group>";
		};
		5BE23C6C1FD7790900D79214 /* List Videos */ = {
			isa = PBXGroup;
			children = (
			);
			path = "List Videos";
			sourceTree = "<group>";
		};
		5BE23C6D1FD7790B00D79214 /* Utils */ = {
			isa = PBXGroup;
			children = (
				5BE23C6F1FD7798C00D79214 /* Enum */,
				5BE23C6E1FD7798800D79214 /* Request */,
			);
			path = Utils;
			sourceTree = "<group>";
		};
		5BE23C6E1FD7798800D79214 /* Request */ = {
			isa = PBXGroup;
			children = (
			);
			path = Request;
			sourceTree = "<group>";
		};
		5BE23C6F1FD7798C00D79214 /* Enum */ = {
			isa = PBXGroup;
			children = (
			);
			path = Enum;
			sourceTree = "<group>";
		};
		90C1B5FE6AC1E764F25AEFDE /* Pods */ = {
			isa = PBXGroup;
			children = (
				5B6543D259A00B7BC7CA5DCD /* Pods-PzTest.debug.xcconfig */,
				0C90B59203E9289C77CEA87D /* Pods-PzTest.release.xcconfig */,
				B2E55639A383CF27BDB04687 /* Pods-PzTestTests.debug.xcconfig */,
				D9B15C0BBA1FB6B144540691 /* Pods-PzTestTests.release.xcconfig */,
				DCEE97F434087957077562B8 /* Pods-PzTestUITests.debug.xcconfig */,
				38C0DBE13EC82193619D2ACA /* Pods-PzTestUITests.release.xcconfig */,
			);
			name = Pods;
			sourceTree = "<group>";
		};
		C0051004D603B6E11971196D /* Frameworks */ = {
			isa = PBXGroup;
			children = (
				6E3C7717FA0300A5DFBDB217 /* Pods_PzTest.framework */,
				F6C1F8DC20B2F51C33CE7BCD /* Pods_PzTestTests.framework */,
				B79985DDABA38DA51CD049EE /* Pods_PzTestUITests.framework */,
			);
			name = Frameworks;
			sourceTree = "<group>";
		};
/* End PBXGroup section */

/* Begin PBXNativeTarget section */
		5B18F9651FD4E19E0094D444 /* PzTest */ = {
			isa = PBXNativeTarget;
			buildConfigurationList = 5B18F9911FD4E19E0094D444 /* Build configuration list for PBXNativeTarget "PzTest" */;
			buildPhases = (
				8A273754A87B9D438AEB653B /* [CP] Check Pods Manifest.lock */,
				5B18F9621FD4E19E0094D444 /* Sources */,
				5B18F9631FD4E19E0094D444 /* Frameworks */,
				5B18F9641FD4E19E0094D444 /* Resources */,
				6FDE7E9E08839AF74227129D /* [CP] Embed Pods Frameworks */,
				1C143226B57F77951068EF69 /* [CP] Copy Pods Resources */,
			);
			buildRules = (
			);
			dependencies = (
			);
			name = PzTest;
			productName = PzTest;
			productReference = 5B18F9661FD4E19E0094D444 /* PzTest.app */;
			productType = "com.apple.product-type.application";
		};
		5B18F97C1FD4E19E0094D444 /* PzTestTests */ = {
			isa = PBXNativeTarget;
			buildConfigurationList = 5B18F9941FD4E19E0094D444 /* Build configuration list for PBXNativeTarget "PzTestTests" */;
			buildPhases = (
				D26775746CBC9FEE2DB32C9A /* [CP] Check Pods Manifest.lock */,
				5B18F9791FD4E19E0094D444 /* Sources */,
				5B18F97A1FD4E19E0094D444 /* Frameworks */,
				5B18F97B1FD4E19E0094D444 /* Resources */,
				A33D22512E3795DE839570A0 /* [CP] Embed Pods Frameworks */,
				076C7BE62054D140A899E3E4 /* [CP] Copy Pods Resources */,
			);
			buildRules = (
			);
			dependencies = (
				5B18F97F1FD4E19E0094D444 /* PBXTargetDependency */,
			);
			name = PzTestTests;
			productName = PzTestTests;
			productReference = 5B18F97D1FD4E19E0094D444 /* PzTestTests.xctest */;
			productType = "com.apple.product-type.bundle.unit-test";
		};
		5B18F9871FD4E19E0094D444 /* PzTestUITests */ = {
			isa = PBXNativeTarget;
			buildConfigurationList = 5B18F9971FD4E19E0094D444 /* Build configuration list for PBXNativeTarget "PzTestUITests" */;
			buildPhases = (
				95BBA1D12FE597D615D8964D /* [CP] Check Pods Manifest.lock */,
				5B18F9841FD4E19E0094D444 /* Sources */,
				5B18F9851FD4E19E0094D444 /* Frameworks */,
				5B18F9861FD4E19E0094D444 /* Resources */,
				DC6F62D56A407BD2CFCF376A /* [CP] Embed Pods Frameworks */,
				DE04C8FE05C577A0E14E3974 /* [CP] Copy Pods Resources */,
			);
			buildRules = (
			);
			dependencies = (
				5B18F98A1FD4E19E0094D444 /* PBXTargetDependency */,
			);
			name = PzTestUITests;
			productName = PzTestUITests;
			productReference = 5B18F9881FD4E19E0094D444 /* PzTestUITests.xctest */;
			productType = "com.apple.product-type.bundle.ui-testing";
		};
/* End PBXNativeTarget section */

/* Begin PBXProject section */
		5B18F95E1FD4E19E0094D444 /* Project object */ = {
			isa = PBXProject;
			attributes = {
				LastSwiftUpdateCheck = 0910;
				LastUpgradeCheck = 0910;
				ORGANIZATIONNAME = "Rodrigo Miyashiro";
				TargetAttributes = {
					5B18F9651FD4E19E0094D444 = {
						CreatedOnToolsVersion = 9.1;
						ProvisioningStyle = Automatic;
					};
					5B18F97C1FD4E19E0094D444 = {
						CreatedOnToolsVersion = 9.1;
						ProvisioningStyle = Automatic;
						TestTargetID = 5B18F9651FD4E19E0094D444;
					};
					5B18F9871FD4E19E0094D444 = {
						CreatedOnToolsVersion = 9.1;
						ProvisioningStyle = Automatic;
						TestTargetID = 5B18F9651FD4E19E0094D444;
					};
				};
			};
			buildConfigurationList = 5B18F9611FD4E19E0094D444 /* Build configuration list for PBXProject "PzTest" */;
			compatibilityVersion = "Xcode 8.0";
			developmentRegion = en;
			hasScannedForEncodings = 0;
			knownRegions = (
				en,
				Base,
			);
			mainGroup = 5B18F95D1FD4E19E0094D444;
			productRefGroup = 5B18F9671FD4E19E0094D444 /* Products */;
			projectDirPath = "";
			projectRoot = "";
			targets = (
				5B18F9651FD4E19E0094D444 /* PzTest */,
				5B18F97C1FD4E19E0094D444 /* PzTestTests */,
				5B18F9871FD4E19E0094D444 /* PzTestUITests */,
			);
		};
/* End PBXProject section */

/* Begin PBXResourcesBuildPhase section */
		5B18F9641FD4E19E0094D444 /* Resources */ = {
			isa = PBXResourcesBuildPhase;
			buildActionMask = 2147483647;
			files = (
				5B18F9771FD4E19E0094D444 /* LaunchScreen.storyboard in Resources */,
				5B18F9741FD4E19E0094D444 /* Assets.xcassets in Resources */,
				5B18F96F1FD4E19E0094D444 /* Main.storyboard in Resources */,
			);
			runOnlyForDeploymentPostprocessing = 0;
		};
		5B18F97B1FD4E19E0094D444 /* Resources */ = {
			isa = PBXResourcesBuildPhase;
			buildActionMask = 2147483647;
			files = (
			);
			runOnlyForDeploymentPostprocessing = 0;
		};
		5B18F9861FD4E19E0094D444 /* Resources */ = {
			isa = PBXResourcesBuildPhase;
			buildActionMask = 2147483647;
			files = (
			);
			runOnlyForDeploymentPostprocessing = 0;
		};
/* End PBXResourcesBuildPhase section */

/* Begin PBXShellScriptBuildPhase section */
		076C7BE62054D140A899E3E4 /* [CP] Copy Pods Resources */ = {
			isa = PBXShellScriptBuildPhase;
			buildActionMask = 2147483647;
			files = (
			);
			inputPaths = (
			);
			name = "[CP] Copy Pods Resources";
			outputPaths = (
			);
			runOnlyForDeploymentPostprocessing = 0;
			shellPath = /bin/sh;
			shellScript = "\"${SRCROOT}/Pods/Target Support Files/Pods-PzTestTests/Pods-PzTestTests-resources.sh\"\n";
			showEnvVarsInLog = 0;
		};
		1C143226B57F77951068EF69 /* [CP] Copy Pods Resources */ = {
			isa = PBXShellScriptBuildPhase;
			buildActionMask = 2147483647;
			files = (
			);
			inputPaths = (
			);
			name = "[CP] Copy Pods Resources";
			outputPaths = (
			);
			runOnlyForDeploymentPostprocessing = 0;
			shellPath = /bin/sh;
			shellScript = "\"${SRCROOT}/Pods/Target Support Files/Pods-PzTest/Pods-PzTest-resources.sh\"\n";
			showEnvVarsInLog = 0;
		};
		6FDE7E9E08839AF74227129D /* [CP] Embed Pods Frameworks */ = {
			isa = PBXShellScriptBuildPhase;
			buildActionMask = 2147483647;
			files = (
			);
			inputPaths = (
				"${SRCROOT}/Pods/Target Support Files/Pods-PzTest/Pods-PzTest-frameworks.sh",
				"${BUILT_PRODUCTS_DIR}/Alamofire/Alamofire.framework",
				"${BUILT_PRODUCTS_DIR}/SwiftyJSON/SwiftyJSON.framework",
			);
			name = "[CP] Embed Pods Frameworks";
			outputPaths = (
				"${TARGET_BUILD_DIR}/${FRAMEWORKS_FOLDER_PATH}/Alamofire.framework",
				"${TARGET_BUILD_DIR}/${FRAMEWORKS_FOLDER_PATH}/SwiftyJSON.framework",
			);
			runOnlyForDeploymentPostprocessing = 0;
			shellPath = /bin/sh;
			shellScript = "\"${SRCROOT}/Pods/Target Support Files/Pods-PzTest/Pods-PzTest-frameworks.sh\"\n";
			showEnvVarsInLog = 0;
		};
		8A273754A87B9D438AEB653B /* [CP] Check Pods Manifest.lock */ = {
			isa = PBXShellScriptBuildPhase;
			buildActionMask = 2147483647;
			files = (
			);
			inputPaths = (
				"${PODS_PODFILE_DIR_PATH}/Podfile.lock",
				"${PODS_ROOT}/Manifest.lock",
			);
			name = "[CP] Check Pods Manifest.lock";
			outputPaths = (
				"$(DERIVED_FILE_DIR)/Pods-PzTest-checkManifestLockResult.txt",
			);
			runOnlyForDeploymentPostprocessing = 0;
			shellPath = /bin/sh;
			shellScript = "diff \"${PODS_PODFILE_DIR_PATH}/Podfile.lock\" \"${PODS_ROOT}/Manifest.lock\" > /dev/null\nif [ $? != 0 ] ; then\n    # print error to STDERR\n    echo \"error: The sandbox is not in sync with the Podfile.lock. Run 'pod install' or update your CocoaPods installation.\" >&2\n    exit 1\nfi\n# This output is used by Xcode 'outputs' to avoid re-running this script phase.\necho \"SUCCESS\" > \"${SCRIPT_OUTPUT_FILE_0}\"\n";
			showEnvVarsInLog = 0;
		};
		95BBA1D12FE597D615D8964D /* [CP] Check Pods Manifest.lock */ = {
			isa = PBXShellScriptBuildPhase;
			buildActionMask = 2147483647;
			files = (
			);
			inputPaths = (
				"${PODS_PODFILE_DIR_PATH}/Podfile.lock",
				"${PODS_ROOT}/Manifest.lock",
			);
			name = "[CP] Check Pods Manifest.lock";
			outputPaths = (
				"$(DERIVED_FILE_DIR)/Pods-PzTestUITests-checkManifestLockResult.txt",
			);
			runOnlyForDeploymentPostprocessing = 0;
			shellPath = /bin/sh;
			shellScript = "diff \"${PODS_PODFILE_DIR_PATH}/Podfile.lock\" \"${PODS_ROOT}/Manifest.lock\" > /dev/null\nif [ $? != 0 ] ; then\n    # print error to STDERR\n    echo \"error: The sandbox is not in sync with the Podfile.lock. Run 'pod install' or update your CocoaPods installation.\" >&2\n    exit 1\nfi\n# This output is used by Xcode 'outputs' to avoid re-running this script phase.\necho \"SUCCESS\" > \"${SCRIPT_OUTPUT_FILE_0}\"\n";
			showEnvVarsInLog = 0;
		};
		A33D22512E3795DE839570A0 /* [CP] Embed Pods Frameworks */ = {
			isa = PBXShellScriptBuildPhase;
			buildActionMask = 2147483647;
			files = (
			);
			inputPaths = (
			);
			name = "[CP] Embed Pods Frameworks";
			outputPaths = (
			);
			runOnlyForDeploymentPostprocessing = 0;
			shellPath = /bin/sh;
			shellScript = "\"${SRCROOT}/Pods/Target Support Files/Pods-PzTestTests/Pods-PzTestTests-frameworks.sh\"\n";
			showEnvVarsInLog = 0;
		};
		D26775746CBC9FEE2DB32C9A /* [CP] Check Pods Manifest.lock */ = {
			isa = PBXShellScriptBuildPhase;
			buildActionMask = 2147483647;
			files = (
			);
			inputPaths = (
				"${PODS_PODFILE_DIR_PATH}/Podfile.lock",
				"${PODS_ROOT}/Manifest.lock",
			);
			name = "[CP] Check Pods Manifest.lock";
			outputPaths = (
				"$(DERIVED_FILE_DIR)/Pods-PzTestTests-checkManifestLockResult.txt",
			);
			runOnlyForDeploymentPostprocessing = 0;
			shellPath = /bin/sh;
			shellScript = "diff \"${PODS_PODFILE_DIR_PATH}/Podfile.lock\" \"${PODS_ROOT}/Manifest.lock\" > /dev/null\nif [ $? != 0 ] ; then\n    # print error to STDERR\n    echo \"error: The sandbox is not in sync with the Podfile.lock. Run 'pod install' or update your CocoaPods installation.\" >&2\n    exit 1\nfi\n# This output is used by Xcode 'outputs' to avoid re-running this script phase.\necho \"SUCCESS\" > \"${SCRIPT_OUTPUT_FILE_0}\"\n";
			showEnvVarsInLog = 0;
		};
		DC6F62D56A407BD2CFCF376A /* [CP] Embed Pods Frameworks */ = {
			isa = PBXShellScriptBuildPhase;
			buildActionMask = 2147483647;
			files = (
			);
			inputPaths = (
			);
			name = "[CP] Embed Pods Frameworks";
			outputPaths = (
			);
			runOnlyForDeploymentPostprocessing = 0;
			shellPath = /bin/sh;
			shellScript = "\"${SRCROOT}/Pods/Target Support Files/Pods-PzTestUITests/Pods-PzTestUITests-frameworks.sh\"\n";
			showEnvVarsInLog = 0;
		};
		DE04C8FE05C577A0E14E3974 /* [CP] Copy Pods Resources */ = {
			isa = PBXShellScriptBuildPhase;
			buildActionMask = 2147483647;
			files = (
			);
			inputPaths = (
			);
			name = "[CP] Copy Pods Resources";
			outputPaths = (
			);
			runOnlyForDeploymentPostprocessing = 0;
			shellPath = /bin/sh;
			shellScript = "\"${SRCROOT}/Pods/Target Support Files/Pods-PzTestUITests/Pods-PzTestUITests-resources.sh\"\n";
			showEnvVarsInLog = 0;
		};
/* End PBXShellScriptBuildPhase section */

/* Begin PBXSourcesBuildPhase section */
		5B18F9621FD4E19E0094D444 /* Sources */ = {
			isa = PBXSourcesBuildPhase;
			buildActionMask = 2147483647;
			files = (
				5B18F96C1FD4E19E0094D444 /* ViewController.swift in Sources */,
				5B18F96A1FD4E19E0094D444 /* AppDelegate.swift in Sources */,
				5B18F9721FD4E19E0094D444 /* PzTest.xcdatamodeld in Sources */,
			);
			runOnlyForDeploymentPostprocessing = 0;
		};
		5B18F9791FD4E19E0094D444 /* Sources */ = {
			isa = PBXSourcesBuildPhase;
			buildActionMask = 2147483647;
			files = (
				5B18F9821FD4E19E0094D444 /* PzTestTests.swift in Sources */,
			);
			runOnlyForDeploymentPostprocessing = 0;
		};
		5B18F9841FD4E19E0094D444 /* Sources */ = {
			isa = PBXSourcesBuildPhase;
			buildActionMask = 2147483647;
			files = (
				5B18F98D1FD4E19E0094D444 /* PzTestUITests.swift in Sources */,
			);
			runOnlyForDeploymentPostprocessing = 0;
		};
/* End PBXSourcesBuildPhase section */

/* Begin PBXTargetDependency section */
		5B18F97F1FD4E19E0094D444 /* PBXTargetDependency */ = {
			isa = PBXTargetDependency;
			target = 5B18F9651FD4E19E0094D444 /* PzTest */;
			targetProxy = 5B18F97E1FD4E19E0094D444 /* PBXContainerItemProxy */;
		};
		5B18F98A1FD4E19E0094D444 /* PBXTargetDependency */ = {
			isa = PBXTargetDependency;
			target = 5B18F9651FD4E19E0094D444 /* PzTest */;
			targetProxy = 5B18F9891FD4E19E0094D444 /* PBXContainerItemProxy */;
		};
/* End PBXTargetDependency section */

/* Begin PBXVariantGroup section */
		5B18F96D1FD4E19E0094D444 /* Main.storyboard */ = {
			isa = PBXVariantGroup;
			children = (
				5B18F96E1FD4E19E0094D444 /* Base */,
			);
			name = Main.storyboard;
			sourceTree = "<group>";
		};
		5B18F9751FD4E19E0094D444 /* LaunchScreen.storyboard */ = {
			isa = PBXVariantGroup;
			children = (
				5B18F9761FD4E19E0094D444 /* Base */,
			);
			name = LaunchScreen.storyboard;
			sourceTree = "<group>";
		};
/* End PBXVariantGroup section */

/* Begin XCBuildConfiguration section */
		5B18F98F1FD4E19E0094D444 /* Debug */ = {
			isa = XCBuildConfiguration;
			buildSettings = {
				ALWAYS_SEARCH_USER_PATHS = NO;
				CLANG_ANALYZER_NONNULL = YES;
				CLANG_ANALYZER_NUMBER_OBJECT_CONVERSION = YES_AGGRESSIVE;
				CLANG_CXX_LANGUAGE_STANDARD = "gnu++14";
				CLANG_CXX_LIBRARY = "libc++";
				CLANG_ENABLE_MODULES = YES;
				CLANG_ENABLE_OBJC_ARC = YES;
				CLANG_WARN_BLOCK_CAPTURE_AUTORELEASING = YES;
				CLANG_WARN_BOOL_CONVERSION = YES;
				CLANG_WARN_COMMA = YES;
				CLANG_WARN_CONSTANT_CONVERSION = YES;
				CLANG_WARN_DIRECT_OBJC_ISA_USAGE = YES_ERROR;
				CLANG_WARN_DOCUMENTATION_COMMENTS = YES;
				CLANG_WARN_EMPTY_BODY = YES;
				CLANG_WARN_ENUM_CONVERSION = YES;
				CLANG_WARN_INFINITE_RECURSION = YES;
				CLANG_WARN_INT_CONVERSION = YES;
				CLANG_WARN_NON_LITERAL_NULL_CONVERSION = YES;
				CLANG_WARN_OBJC_LITERAL_CONVERSION = YES;
				CLANG_WARN_OBJC_ROOT_CLASS = YES_ERROR;
				CLANG_WARN_RANGE_LOOP_ANALYSIS = YES;
				CLANG_WARN_STRICT_PROTOTYPES = YES;
				CLANG_WARN_SUSPICIOUS_MOVE = YES;
				CLANG_WARN_UNGUARDED_AVAILABILITY = YES_AGGRESSIVE;
				CLANG_WARN_UNREACHABLE_CODE = YES;
				CLANG_WARN__DUPLICATE_METHOD_MATCH = YES;
				CODE_SIGN_IDENTITY = "iPhone Developer";
				COPY_PHASE_STRIP = NO;
				DEBUG_INFORMATION_FORMAT = dwarf;
				ENABLE_STRICT_OBJC_MSGSEND = YES;
				ENABLE_TESTABILITY = YES;
				GCC_C_LANGUAGE_STANDARD = gnu11;
				GCC_DYNAMIC_NO_PIC = NO;
				GCC_NO_COMMON_BLOCKS = YES;
				GCC_OPTIMIZATION_LEVEL = 0;
				GCC_PREPROCESSOR_DEFINITIONS = (
					"DEBUG=1",
					"$(inherited)",
				);
				GCC_WARN_64_TO_32_BIT_CONVERSION = YES;
				GCC_WARN_ABOUT_RETURN_TYPE = YES_ERROR;
				GCC_WARN_UNDECLARED_SELECTOR = YES;
				GCC_WARN_UNINITIALIZED_AUTOS = YES_AGGRESSIVE;
				GCC_WARN_UNUSED_FUNCTION = YES;
				GCC_WARN_UNUSED_VARIABLE = YES;
				IPHONEOS_DEPLOYMENT_TARGET = 11.1;
				MTL_ENABLE_DEBUG_INFO = YES;
				ONLY_ACTIVE_ARCH = YES;
				SDKROOT = iphoneos;
				SWIFT_ACTIVE_COMPILATION_CONDITIONS = DEBUG;
				SWIFT_OPTIMIZATION_LEVEL = "-Onone";
			};
			name = Debug;
		};
		5B18F9901FD4E19E0094D444 /* Release */ = {
			isa = XCBuildConfiguration;
			buildSettings = {
				ALWAYS_SEARCH_USER_PATHS = NO;
				CLANG_ANALYZER_NONNULL = YES;
				CLANG_ANALYZER_NUMBER_OBJECT_CONVERSION = YES_AGGRESSIVE;
				CLANG_CXX_LANGUAGE_STANDARD = "gnu++14";
				CLANG_CXX_LIBRARY = "libc++";
				CLANG_ENABLE_MODULES = YES;
				CLANG_ENABLE_OBJC_ARC = YES;
				CLANG_WARN_BLOCK_CAPTURE_AUTORELEASING = YES;
				CLANG_WARN_BOOL_CONVERSION = YES;
				CLANG_WARN_COMMA = YES;
				CLANG_WARN_CONSTANT_CONVERSION = YES;
				CLANG_WARN_DIRECT_OBJC_ISA_USAGE = YES_ERROR;
				CLANG_WARN_DOCUMENTATION_COMMENTS = YES;
				CLANG_WARN_EMPTY_BODY = YES;
				CLANG_WARN_ENUM_CONVERSION = YES;
				CLANG_WARN_INFINITE_RECURSION = YES;
				CLANG_WARN_INT_CONVERSION = YES;
				CLANG_WARN_NON_LITERAL_NULL_CONVERSION = YES;
				CLANG_WARN_OBJC_LITERAL_CONVERSION = YES;
				CLANG_WARN_OBJC_ROOT_CLASS = YES_ERROR;
				CLANG_WARN_RANGE_LOOP_ANALYSIS = YES;
				CLANG_WARN_STRICT_PROTOTYPES = YES;
				CLANG_WARN_SUSPICIOUS_MOVE = YES;
				CLANG_WARN_UNGUARDED_AVAILABILITY = YES_AGGRESSIVE;
				CLANG_WARN_UNREACHABLE_CODE = YES;
				CLANG_WARN__DUPLICATE_METHOD_MATCH = YES;
				CODE_SIGN_IDENTITY = "iPhone Developer";
				COPY_PHASE_STRIP = NO;
				DEBUG_INFORMATION_FORMAT = "dwarf-with-dsym";
				ENABLE_NS_ASSERTIONS = NO;
				ENABLE_STRICT_OBJC_MSGSEND = YES;
				GCC_C_LANGUAGE_STANDARD = gnu11;
				GCC_NO_COMMON_BLOCKS = YES;
				GCC_WARN_64_TO_32_BIT_CONVERSION = YES;
				GCC_WARN_ABOUT_RETURN_TYPE = YES_ERROR;
				GCC_WARN_UNDECLARED_SELECTOR = YES;
				GCC_WARN_UNINITIALIZED_AUTOS = YES_AGGRESSIVE;
				GCC_WARN_UNUSED_FUNCTION = YES;
				GCC_WARN_UNUSED_VARIABLE = YES;
				IPHONEOS_DEPLOYMENT_TARGET = 11.1;
				MTL_ENABLE_DEBUG_INFO = NO;
				SDKROOT = iphoneos;
				SWIFT_OPTIMIZATION_LEVEL = "-Owholemodule";
				VALIDATE_PRODUCT = YES;
			};
			name = Release;
		};
		5B18F9921FD4E19E0094D444 /* Debug */ = {
			isa = XCBuildConfiguration;
			baseConfigurationReference = 5B6543D259A00B7BC7CA5DCD /* Pods-PzTest.debug.xcconfig */;
			buildSettings = {
				ASSETCATALOG_COMPILER_APPICON_NAME = AppIcon;
				CODE_SIGN_STYLE = Automatic;
				DEVELOPMENT_TEAM = 4DRM7LH39Z;
				INFOPLIST_FILE = PzTest/Info.plist;
				LD_RUNPATH_SEARCH_PATHS = "$(inherited) @executable_path/Frameworks";
				PRODUCT_BUNDLE_IDENTIFIER = com.rmiyashiro.PzTest;
				PRODUCT_NAME = "$(TARGET_NAME)";
				SWIFT_VERSION = 4.0;
				TARGETED_DEVICE_FAMILY = "1,2";
			};
			name = Debug;
		};
		5B18F9931FD4E19E0094D444 /* Release */ = {
			isa = XCBuildConfiguration;
			baseConfigurationReference = 0C90B59203E9289C77CEA87D /* Pods-PzTest.release.xcconfig */;
			buildSettings = {
				ASSETCATALOG_COMPILER_APPICON_NAME = AppIcon;
				CODE_SIGN_STYLE = Automatic;
				DEVELOPMENT_TEAM = 4DRM7LH39Z;
				INFOPLIST_FILE = PzTest/Info.plist;
				LD_RUNPATH_SEARCH_PATHS = "$(inherited) @executable_path/Frameworks";
				PRODUCT_BUNDLE_IDENTIFIER = com.rmiyashiro.PzTest;
				PRODUCT_NAME = "$(TARGET_NAME)";
				SWIFT_VERSION = 4.0;
				TARGETED_DEVICE_FAMILY = "1,2";
			};
			name = Release;
		};
		5B18F9951FD4E19E0094D444 /* Debug */ = {
			isa = XCBuildConfiguration;
			baseConfigurationReference = B2E55639A383CF27BDB04687 /* Pods-PzTestTests.debug.xcconfig */;
			buildSettings = {
				ALWAYS_EMBED_SWIFT_STANDARD_LIBRARIES = YES;
				BUNDLE_LOADER = "$(TEST_HOST)";
				CODE_SIGN_STYLE = Automatic;
				DEVELOPMENT_TEAM = 4DRM7LH39Z;
				INFOPLIST_FILE = PzTestTests/Info.plist;
				LD_RUNPATH_SEARCH_PATHS = "$(inherited) @executable_path/Frameworks @loader_path/Frameworks";
				PRODUCT_BUNDLE_IDENTIFIER = com.rmiyashiro.PzTestTests;
				PRODUCT_NAME = "$(TARGET_NAME)";
				SWIFT_VERSION = 4.0;
				TARGETED_DEVICE_FAMILY = "1,2";
				TEST_HOST = "$(BUILT_PRODUCTS_DIR)/PzTest.app/PzTest";
			};
			name = Debug;
		};
		5B18F9961FD4E19E0094D444 /* Release */ = {
			isa = XCBuildConfiguration;
			baseConfigurationReference = D9B15C0BBA1FB6B144540691 /* Pods-PzTestTests.release.xcconfig */;
			buildSettings = {
				ALWAYS_EMBED_SWIFT_STANDARD_LIBRARIES = YES;
				BUNDLE_LOADER = "$(TEST_HOST)";
				CODE_SIGN_STYLE = Automatic;
				DEVELOPMENT_TEAM = 4DRM7LH39Z;
				INFOPLIST_FILE = PzTestTests/Info.plist;
				LD_RUNPATH_SEARCH_PATHS = "$(inherited) @executable_path/Frameworks @loader_path/Frameworks";
				PRODUCT_BUNDLE_IDENTIFIER = com.rmiyashiro.PzTestTests;
				PRODUCT_NAME = "$(TARGET_NAME)";
				SWIFT_VERSION = 4.0;
				TARGETED_DEVICE_FAMILY = "1,2";
				TEST_HOST = "$(BUILT_PRODUCTS_DIR)/PzTest.app/PzTest";
			};
			name = Release;
		};
		5B18F9981FD4E19E0094D444 /* Debug */ = {
			isa = XCBuildConfiguration;
			baseConfigurationReference = DCEE97F434087957077562B8 /* Pods-PzTestUITests.debug.xcconfig */;
			buildSettings = {
				ALWAYS_EMBED_SWIFT_STANDARD_LIBRARIES = YES;
				CODE_SIGN_STYLE = Automatic;
				DEVELOPMENT_TEAM = 4DRM7LH39Z;
				INFOPLIST_FILE = PzTestUITests/Info.plist;
				LD_RUNPATH_SEARCH_PATHS = "$(inherited) @executable_path/Frameworks @loader_path/Frameworks";
				PRODUCT_BUNDLE_IDENTIFIER = com.rmiyashiro.PzTestUITests;
				PRODUCT_NAME = "$(TARGET_NAME)";
				SWIFT_VERSION = 4.0;
				TARGETED_DEVICE_FAMILY = "1,2";
				TEST_TARGET_NAME = PzTest;
			};
			name = Debug;
		};
		5B18F9991FD4E19E0094D444 /* Release */ = {
			isa = XCBuildConfiguration;
			baseConfigurationReference = 38C0DBE13EC82193619D2ACA /* Pods-PzTestUITests.release.xcconfig */;
			buildSettings = {
				ALWAYS_EMBED_SWIFT_STANDARD_LIBRARIES = YES;
				CODE_SIGN_STYLE = Automatic;
				DEVELOPMENT_TEAM = 4DRM7LH39Z;
				INFOPLIST_FILE = PzTestUITests/Info.plist;
				LD_RUNPATH_SEARCH_PATHS = "$(inherited) @executable_path/Frameworks @loader_path/Frameworks";
				PRODUCT_BUNDLE_IDENTIFIER = com.rmiyashiro.PzTestUITests;
				PRODUCT_NAME = "$(TARGET_NAME)";
				SWIFT_VERSION = 4.0;
				TARGETED_DEVICE_FAMILY = "1,2";
				TEST_TARGET_NAME = PzTest;
			};
			name = Release;
		};
/* End XCBuildConfiguration section */

/* Begin XCConfigurationList section */
		5B18F9611FD4E19E0094D444 /* Build configuration list for PBXProject "PzTest" */ = {
			isa = XCConfigurationList;
			buildConfigurations = (
				5B18F98F1FD4E19E0094D444 /* Debug */,
				5B18F9901FD4E19E0094D444 /* Release */,
			);
			defaultConfigurationIsVisible = 0;
			defaultConfigurationName = Release;
		};
		5B18F9911FD4E19E0094D444 /* Build configuration list for PBXNativeTarget "PzTest" */ = {
			isa = XCConfigurationList;
			buildConfigurations = (
				5B18F9921FD4E19E0094D444 /* Debug */,
				5B18F9931FD4E19E0094D444 /* Release */,
			);
			defaultConfigurationIsVisible = 0;
			defaultConfigurationName = Release;
		};
		5B18F9941FD4E19E0094D444 /* Build configuration list for PBXNativeTarget "PzTestTests" */ = {
			isa = XCConfigurationList;
			buildConfigurations = (
				5B18F9951FD4E19E0094D444 /* Debug */,
				5B18F9961FD4E19E0094D444 /* Release */,
			);
			defaultConfigurationIsVisible = 0;
			defaultConfigurationName = Release;
		};
		5B18F9971FD4E19E0094D444 /* Build configuration list for PBXNativeTarget "PzTestUITests" */ = {
			isa = XCConfigurationList;
			buildConfigurations = (
				5B18F9981FD4E19E0094D444 /* Debug */,
				5B18F9991FD4E19E0094D444 /* Release */,
			);
			defaultConfigurationIsVisible = 0;
			defaultConfigurationName = Release;
		};
/* End XCConfigurationList section */

/* Begin XCVersionGroup section */
		5B18F9701FD4E19E0094D444 /* PzTest.xcdatamodeld */ = {
			isa = XCVersionGroup;
			children = (
				5B18F9711FD4E19E0094D444 /* PzTest.xcdatamodel */,
			);
			currentVersion = 5B18F9711FD4E19E0094D444 /* PzTest.xcdatamodel */;
			path = PzTest.xcdatamodeld;
			sourceTree = "<group>";
			versionGroupType = wrapper.xcdatamodel;
		};
/* End XCVersionGroup section */
	};
	rootObject = 5B18F95E1FD4E19E0094D444 /* Project object */;
}
